
Microsoft Visual Studio Solution File, Format Version 12.00
# Visual Studio Version 17
VisualStudioVersion = 17.4.33103.184
MinimumVisualStudioVersion = 10.0.40219.1
Project("{FAE04EC0-301F-11D3-BF4B-00C04F79EFBC}") = "WinFormsMessageBoxApp", "WinFormsMessageBoxApp\WinFormsMessageBoxApp.csproj", "{C158F2D7-7ACD-4D8E-BE32-10C0F3A9A31A}"
EndProject
Global
	GlobalSection(SolutionConfigurationPlatforms) = preSolution
		Debug|Any CPU = Debug|Any CPU
		Release|Any CPU = Release|Any CPU
	EndGlobalSection
	GlobalSection(ProjectConfigurationPlatforms) = postSolution
		{C158F2D7-7ACD-4D8E-BE32-10C0F3A9A31A}.Debug|Any CPU.ActiveCfg = Debug|Any CPU
		{C158F2D7-7ACD-4D8E-BE32-10C0F3A9A31A}.Debug|Any CPU.Build.0 = Debug|Any CPU
		{C158F2D7-7ACD-4D8E-BE32-10C0F3A9A31A}.Release|Any CPU.ActiveCfg = Release|Any CPU
		{C158F2D7-7ACD-4D8E-BE32-10C0F3A9A31A}.Release|Any CPU.Build.0 = Release|Any CPU
	EndGlobalSection
	GlobalSection(SolutionProperties) = preSolution
		HideSolutionNode = FALSE
	EndGlobalSection
	GlobalSection(ExtensibilityGlobals) = postSolution
		SolutionGuid = {64085E8D-5B54-404E-8A7F-04F660892FC9}
	EndGlobalSection
EndGlobal
